
Microsoft Visual Studio Solution File, Format Version 12.00
# Visual Studio Version 17
VisualStudioVersion = 17.14.36930.0 d17.14
MinimumVisualStudioVersion = 10.0.40219.1
Project("{FAE04EC0-301F-11D3-BF4B-00C04F79EFBC}") = "VÉLORA Res", "VÉLORA Res\VÉLORA Res.csproj", "{06CE815B-8FEC-4632-B9BA-858D45852541}"
EndProject
Global
	GlobalSection(SolutionConfigurationPlatforms) = preSolution
		Debug|Any CPU = Debug|Any CPU
		Release|Any CPU = Release|Any CPU
	EndGlobalSection
	GlobalSection(ProjectConfigurationPlatforms) = postSolution
		{06CE815B-8FEC-4632-B9BA-858D45852541}.Debug|Any CPU.ActiveCfg = Debug|Any CPU
		{06CE815B-8FEC-4632-B9BA-858D45852541}.Debug|Any CPU.Build.0 = Debug|Any CPU
		{06CE815B-8FEC-4632-B9BA-858D45852541}.Release|Any CPU.ActiveCfg = Release|Any CPU
		{06CE815B-8FEC-4632-B9BA-858D45852541}.Release|Any CPU.Build.0 = Release|Any CPU
	EndGlobalSection
	GlobalSection(SolutionProperties) = preSolution
		HideSolutionNode = FALSE
	EndGlobalSection
	GlobalSection(ExtensibilityGlobals) = postSolution
		SolutionGuid = {E0B8CB3D-E77F-406E-85F3-AC8956777D25}
	EndGlobalSection
EndGlobal
